
Microsoft Visual Studio Solution File, Format Version 12.00
# Visual Studio 15
VisualStudioVersion = 15.0.28307.1300
MinimumVisualStudioVersion = 10.0.40219.1
Project("{FAE04EC0-301F-11D3-BF4B-00C04F79EFBC}") = "MoodleHelper", "MoodleHelper\MoodleHelper.csproj", "{740A0C7C-A510-4CE5-83E2-6FA982DD3377}"
EndProject
Global
	GlobalSection(SolutionConfigurationPlatforms) = preSolution
		Debug|Any CPU = Debug|Any CPU
		Release|Any CPU = Release|Any CPU
	EndGlobalSection
	GlobalSection(ProjectConfigurationPlatforms) = postSolution
		{740A0C7C-A510-4CE5-83E2-6FA982DD3377}.Debug|Any CPU.ActiveCfg = Debug|Any CPU
		{740A0C7C-A510-4CE5-83E2-6FA982DD3377}.Debug|Any CPU.Build.0 = Debug|Any CPU
		{740A0C7C-A510-4CE5-83E2-6FA982DD3377}.Release|Any CPU.ActiveCfg = Release|Any CPU
		{740A0C7C-A510-4CE5-83E2-6FA982DD3377}.Release|Any CPU.Build.0 = Release|Any CPU
	EndGlobalSection
	GlobalSection(SolutionProperties) = preSolution
		HideSolutionNode = FALSE
	EndGlobalSection
	GlobalSection(ExtensibilityGlobals) = postSolution
		SolutionGuid = {482E1E87-7C29-47B5-98A1-97B01F3B01C3}
	EndGlobalSection
EndGlobal
